
Microsoft Visual Studio Solution File, Format Version 12.00
# Visual Studio 15
VisualStudioVersion = 15.0.26403.7
MinimumVisualStudioVersion = 10.0.40219.1
Project("{2150E333-8FDC-42A3-9474-1A3956D46DE8}") = "GitHub", "GitHub", "{1102209C-B6C0-44F6-BEE3-D762F73C8F9B}"
	ProjectSection(SolutionItems) = preProject
		LICENSE = LICENSE
		README.md = README.md
	EndProjectSection
EndProject
Project("{FAE04EC0-301F-11D3-BF4B-00C04F79EFBC}") = "Songhay.StudioFloor.Desktop", "Songhay.StudioFloor.Desktop\Songhay.StudioFloor.Desktop.csproj", "{3B6C5BBC-17B0-403D-B3BB-20F3F2F1DD9F}"
EndProject
Project("{FAE04EC0-301F-11D3-BF4B-00C04F79EFBC}") = "Songhay.StudioFloor.Shared", "Songhay.StudioFloor.Shared\Songhay.StudioFloor.Shared.csproj", "{84711E39-CB10-4758-9F52-D34878776281}"
EndProject
Project("{FAE04EC0-301F-11D3-BF4B-00C04F79EFBC}") = "Songhay.StudioFloor.Desktop.Common", "Songhay.StudioFloor.Desktop.Common\Songhay.StudioFloor.Desktop.Common.csproj", "{229F22BC-03BE-4888-888A-C99168AB897F}"
EndProject
Project("{FAE04EC0-301F-11D3-BF4B-00C04F79EFBC}") = "Songhay.StudioFloor.Desktop.Modules.AnalogDigit", "Songhay.StudioFloor.Desktop.Modules.AnalogDigit\Songhay.StudioFloor.Desktop.Modules.AnalogDigit.csproj", "{82D3B021-2E38-42C2-A1B9-86BBEC1E53F5}"
EndProject
Project("{FAE04EC0-301F-11D3-BF4B-00C04F79EFBC}") = "Songhay.StudioFloor.Desktop.Modules.PackedXaml", "Songhay.StudioFloor.Desktop.Modules.PackedXaml\Songhay.StudioFloor.Desktop.Modules.PackedXaml.csproj", "{25904C62-6BD0-4E75-AC37-0547ACAFA7E8}"
EndProject
Project("{FAE04EC0-301F-11D3-BF4B-00C04F79EFBC}") = "Songhay.StudioFloor.Desktop.Modules.Exceptions", "Songhay.StudioFloor.Desktop.Modules.Exceptions\Songhay.StudioFloor.Desktop.Modules.Exceptions.csproj", "{35969094-79F7-47AF-BAC9-6D42B8875755}"
EndProject
Project("{FAE04EC0-301F-11D3-BF4B-00C04F79EFBC}") = "Songhay.StudioFloor.Desktop.Modules.KennyYoungFluidMove", "Songhay.StudioFloor.Desktop.Modules.KennyYoungFluidMove\Songhay.StudioFloor.Desktop.Modules.KennyYoungFluidMove.csproj", "{CA3F1023-7CA3-4E29-8214-6793A4484123}"
EndProject
Project("{FAE04EC0-301F-11D3-BF4B-00C04F79EFBC}") = "Songhay.StudioFloor.Desktop.Modules.SvgFonts", "Songhay.StudioFloor.Desktop.Modules.SvgFonts\Songhay.StudioFloor.Desktop.Modules.SvgFonts.csproj", "{93712F5B-30C5-4508-9F09-FB317A8D7EB0}"
EndProject
Project("{FAE04EC0-301F-11D3-BF4B-00C04F79EFBC}") = "Songhay.StudioFloor.Desktop.Modules.Validation", "Songhay.StudioFloor.Desktop.Modules.Validation\Songhay.StudioFloor.Desktop.Modules.Validation.csproj", "{5BDE93B1-A7E1-4E8A-8356-5D5D6331672D}"
EndProject
Global
	GlobalSection(SolutionConfigurationPlatforms) = preSolution
		Debug|Any CPU = Debug|Any CPU
		Release|Any CPU = Release|Any CPU
	EndGlobalSection
	GlobalSection(ProjectConfigurationPlatforms) = postSolution
		{3B6C5BBC-17B0-403D-B3BB-20F3F2F1DD9F}.Debug|Any CPU.ActiveCfg = Debug|Any CPU
		{3B6C5BBC-17B0-403D-B3BB-20F3F2F1DD9F}.Debug|Any CPU.Build.0 = Debug|Any CPU
		{3B6C5BBC-17B0-403D-B3BB-20F3F2F1DD9F}.Release|Any CPU.ActiveCfg = Release|Any CPU
		{3B6C5BBC-17B0-403D-B3BB-20F3F2F1DD9F}.Release|Any CPU.Build.0 = Release|Any CPU
		{84711E39-CB10-4758-9F52-D34878776281}.Debug|Any CPU.ActiveCfg = Debug|Any CPU
		{84711E39-CB10-4758-9F52-D34878776281}.Debug|Any CPU.Build.0 = Debug|Any CPU
		{84711E39-CB10-4758-9F52-D34878776281}.Release|Any CPU.ActiveCfg = Release|Any CPU
		{84711E39-CB10-4758-9F52-D34878776281}.Release|Any CPU.Build.0 = Release|Any CPU
		{229F22BC-03BE-4888-888A-C99168AB897F}.Debug|Any CPU.ActiveCfg = Debug|Any CPU
		{229F22BC-03BE-4888-888A-C99168AB897F}.Debug|Any CPU.Build.0 = Debug|Any CPU
		{229F22BC-03BE-4888-888A-C99168AB897F}.Release|Any CPU.ActiveCfg = Release|Any CPU
		{229F22BC-03BE-4888-888A-C99168AB897F}.Release|Any CPU.Build.0 = Release|Any CPU
		{82D3B021-2E38-42C2-A1B9-86BBEC1E53F5}.Debug|Any CPU.ActiveCfg = Debug|Any CPU
		{82D3B021-2E38-42C2-A1B9-86BBEC1E53F5}.Debug|Any CPU.Build.0 = Debug|Any CPU
		{82D3B021-2E38-42C2-A1B9-86BBEC1E53F5}.Release|Any CPU.ActiveCfg = Release|Any CPU
		{82D3B021-2E38-42C2-A1B9-86BBEC1E53F5}.Release|Any CPU.Build.0 = Release|Any CPU
		{25904C62-6BD0-4E75-AC37-0547ACAFA7E8}.Debug|Any CPU.ActiveCfg = Debug|Any CPU
		{25904C62-6BD0-4E75-AC37-0547ACAFA7E8}.Debug|Any CPU.Build.0 = Debug|Any CPU
		{25904C62-6BD0-4E75-AC37-0547ACAFA7E8}.Release|Any CPU.ActiveCfg = Release|Any CPU
		{25904C62-6BD0-4E75-AC37-0547ACAFA7E8}.Release|Any CPU.Build.0 = Release|Any CPU
		{35969094-79F7-47AF-BAC9-6D42B8875755}.Debug|Any CPU.ActiveCfg = Debug|Any CPU
		{35969094-79F7-47AF-BAC9-6D42B8875755}.Debug|Any CPU.Build.0 = Debug|Any CPU
		{35969094-79F7-47AF-BAC9-6D42B8875755}.Release|Any CPU.ActiveCfg = Release|Any CPU
		{35969094-79F7-47AF-BAC9-6D42B8875755}.Release|Any CPU.Build.0 = Release|Any CPU
		{CA3F1023-7CA3-4E29-8214-6793A4484123}.Debug|Any CPU.ActiveCfg = Debug|Any CPU
		{CA3F1023-7CA3-4E29-8214-6793A4484123}.Debug|Any CPU.Build.0 = Debug|Any CPU
		{CA3F1023-7CA3-4E29-8214-6793A4484123}.Release|Any CPU.ActiveCfg = Release|Any CPU
		{CA3F1023-7CA3-4E29-8214-6793A4484123}.Release|Any CPU.Build.0 = Release|Any CPU
		{93712F5B-30C5-4508-9F09-FB317A8D7EB0}.Debug|Any CPU.ActiveCfg = Debug|Any CPU
		{93712F5B-30C5-4508-9F09-FB317A8D7EB0}.Debug|Any CPU.Build.0 = Debug|Any CPU
		{93712F5B-30C5-4508-9F09-FB317A8D7EB0}.Release|Any CPU.ActiveCfg = Release|Any CPU
		{93712F5B-30C5-4508-9F09-FB317A8D7EB0}.Release|Any CPU.Build.0 = Release|Any CPU
		{5BDE93B1-A7E1-4E8A-8356-5D5D6331672D}.Debug|Any CPU.ActiveCfg = Debug|Any CPU
		{5BDE93B1-A7E1-4E8A-8356-5D5D6331672D}.Debug|Any CPU.Build.0 = Debug|Any CPU
		{5BDE93B1-A7E1-4E8A-8356-5D5D6331672D}.Release|Any CPU.ActiveCfg = Release|Any CPU
		{5BDE93B1-A7E1-4E8A-8356-5D5D6331672D}.Release|Any CPU.Build.0 = Release|Any CPU
	EndGlobalSection
	GlobalSection(SolutionProperties) = preSolution
		HideSolutionNode = FALSE
	EndGlobalSection
EndGlobal
