
Microsoft Visual Studio Solution File, Format Version 12.00
# Visual Studio 15
VisualStudioVersion = 15.0.26403.3
MinimumVisualStudioVersion = 10.0.40219.1
Project("{2150E333-8FDC-42A3-9474-1A3956D46DE8}") = "GitHub", "GitHub", "{1102209C-B6C0-44F6-BEE3-D762F73C8F9B}"
	ProjectSection(SolutionItems) = preProject
		LICENSE.md = LICENSE.md
		README.md = README.md
	EndProjectSection
EndProject
Project("{FAE04EC0-301F-11D3-BF4B-00C04F79EFBC}") = "Songhay.StudioFloor.Desktop", "Songhay.StudioFloor.Desktop\Songhay.StudioFloor.Desktop.csproj", "{3B6C5BBC-17B0-403D-B3BB-20F3F2F1DD9F}"
EndProject
Project("{FAE04EC0-301F-11D3-BF4B-00C04F79EFBC}") = "Songhay.StudioFloor.Shared", "Songhay.StudioFloor.Shared\Songhay.StudioFloor.Shared.csproj", "{84711E39-CB10-4758-9F52-D34878776281}"
EndProject
Project("{FAE04EC0-301F-11D3-BF4B-00C04F79EFBC}") = "Songhay.StudioFloor.Desktop.Common", "Songhay.StudioFloor.Desktop.Common\Songhay.StudioFloor.Desktop.Common.csproj", "{229F22BC-03BE-4888-888A-C99168AB897F}"
EndProject
Project("{FAE04EC0-301F-11D3-BF4B-00C04F79EFBC}") = "Songhay.StudioFloor.Desktop.Modules.AnalogDigit", "Songhay.StudioFloor.Desktop.Modules.AnalogDigit\Songhay.StudioFloor.Desktop.Modules.AnalogDigit.csproj", "{82D3B021-2E38-42C2-A1B9-86BBEC1E53F5}"
EndProject
Global
	GlobalSection(SolutionConfigurationPlatforms) = preSolution
		Debug|Any CPU = Debug|Any CPU
		Release|Any CPU = Release|Any CPU
	EndGlobalSection
	GlobalSection(ProjectConfigurationPlatforms) = postSolution
		{3B6C5BBC-17B0-403D-B3BB-20F3F2F1DD9F}.Debug|Any CPU.ActiveCfg = Debug|Any CPU
		{3B6C5BBC-17B0-403D-B3BB-20F3F2F1DD9F}.Debug|Any CPU.Build.0 = Debug|Any CPU
		{3B6C5BBC-17B0-403D-B3BB-20F3F2F1DD9F}.Release|Any CPU.ActiveCfg = Release|Any CPU
		{3B6C5BBC-17B0-403D-B3BB-20F3F2F1DD9F}.Release|Any CPU.Build.0 = Release|Any CPU
		{84711E39-CB10-4758-9F52-D34878776281}.Debug|Any CPU.ActiveCfg = Debug|Any CPU
		{84711E39-CB10-4758-9F52-D34878776281}.Debug|Any CPU.Build.0 = Debug|Any CPU
		{84711E39-CB10-4758-9F52-D34878776281}.Release|Any CPU.ActiveCfg = Release|Any CPU
		{84711E39-CB10-4758-9F52-D34878776281}.Release|Any CPU.Build.0 = Release|Any CPU
		{229F22BC-03BE-4888-888A-C99168AB897F}.Debug|Any CPU.ActiveCfg = Debug|Any CPU
		{229F22BC-03BE-4888-888A-C99168AB897F}.Debug|Any CPU.Build.0 = Debug|Any CPU
		{229F22BC-03BE-4888-888A-C99168AB897F}.Release|Any CPU.ActiveCfg = Release|Any CPU
		{229F22BC-03BE-4888-888A-C99168AB897F}.Release|Any CPU.Build.0 = Release|Any CPU
		{82D3B021-2E38-42C2-A1B9-86BBEC1E53F5}.Debug|Any CPU.ActiveCfg = Debug|Any CPU
		{82D3B021-2E38-42C2-A1B9-86BBEC1E53F5}.Debug|Any CPU.Build.0 = Debug|Any CPU
		{82D3B021-2E38-42C2-A1B9-86BBEC1E53F5}.Release|Any CPU.ActiveCfg = Release|Any CPU
		{82D3B021-2E38-42C2-A1B9-86BBEC1E53F5}.Release|Any CPU.Build.0 = Release|Any CPU
	EndGlobalSection
	GlobalSection(SolutionProperties) = preSolution
		HideSolutionNode = FALSE
	EndGlobalSection
EndGlobal
